
Microsoft Visual Studio Solution File, Format Version 12.00
# Visual Studio Version 16
VisualStudioVersion = 16.0.30204.135
MinimumVisualStudioVersion = 10.0.40219.1
Project("{FAE04EC0-301F-11D3-BF4B-00C04F79EFBC}") = "WindowsModeScheduler.BL", "WindowsModeScheduler\WindowsModeScheduler.BL.csproj", "{1F923B8C-1974-4728-8A0A-34AFB8E6818B}"
EndProject
Global
	GlobalSection(SolutionConfigurationPlatforms) = preSolution
		Debug|Any CPU = Debug|Any CPU
		Release|Any CPU = Release|Any CPU
	EndGlobalSection
	GlobalSection(ProjectConfigurationPlatforms) = postSolution
		{1F923B8C-1974-4728-8A0A-34AFB8E6818B}.Debug|Any CPU.ActiveCfg = Debug|Any CPU
		{1F923B8C-1974-4728-8A0A-34AFB8E6818B}.Debug|Any CPU.Build.0 = Debug|Any CPU
		{1F923B8C-1974-4728-8A0A-34AFB8E6818B}.Release|Any CPU.ActiveCfg = Release|Any CPU
		{1F923B8C-1974-4728-8A0A-34AFB8E6818B}.Release|Any CPU.Build.0 = Release|Any CPU
	EndGlobalSection
	GlobalSection(SolutionProperties) = preSolution
		HideSolutionNode = FALSE
	EndGlobalSection
	GlobalSection(ExtensibilityGlobals) = postSolution
		SolutionGuid = {1D0CA270-303F-423B-8D80-3DF2606424DA}
	EndGlobalSection
EndGlobal
